{
  "version": "5",
  "remote": {
    "https://edge.netlify.com/": "fd941d61d88673d5f28aab283fb86fcc50f08a3bc80ee5470498fcfa88c65cfb",
    "https://edge.netlify.com/bootstrap/config.ts": "6a2ce0e544e15e8f8883a5c18da5948e37fd0f2619f68cb31f3af53c51817025",
    "https://edge.netlify.com/bootstrap/context.ts": "e97240232121e2f369f6546ce961490f34d961ea1ea54be3ff09633e3f08373f",
    "https://edge.netlify.com/bootstrap/cookie.ts": "8b0baae708989ca183c6f3b4ab3d029e6abcbc2e43f93edeb0ff447b3bbc3a05",
    "https://edge.netlify.com/bootstrap/edge_function.ts": "b8253e86aa83c67341f5cfedeba5049d77fbf84dcab7eceff7566b7728ae9b39",
    "https://edge.netlify.com/bootstrap/globals/types.ts": "eaa6148ded3121d8dee62dd91c86e7fe76601df0f3ca8d7962243a30f4c8935f"
  },
  "workspace": {
    "packageJson": {
      "dependencies": [
        "npm:@date-io/date-fns@3.2.1",
        "npm:@dnd-kit/core@6.3.1",
        "npm:@dnd-kit/modifiers@9.0.0",
        "npm:@dnd-kit/sortable@10.0.0",
        "npm:@emotion/cache@11.14.0",
        "npm:@emotion/react@11.14.0",
        "npm:@emotion/styled@11.14.1",
        "npm:@eslint/compat@1.3.2",
        "npm:@eslint/eslintrc@3.3.1",
        "npm:@eslint/js@9.34.0",
        "npm:@fullcalendar/common@5.11.5",
        "npm:@fullcalendar/core@6.1.19",
        "npm:@fullcalendar/daygrid@6.1.19",
        "npm:@fullcalendar/interaction@6.1.19",
        "npm:@fullcalendar/list@6.1.19",
        "npm:@fullcalendar/react@6.1.19",
        "npm:@fullcalendar/timegrid@6.1.19",
        "npm:@fullcalendar/timeline@6.1.19",
        "npm:@hello-pangea/dnd@18.0.1",
        "npm:@mui/lab@7.0.0-beta.17",
        "npm:@mui/material@7.3.2",
        "npm:@mui/system@7.3.2",
        "npm:@mui/x-date-pickers@8.11.2",
        "npm:@mui/x-tree-view@8.11.0",
        "npm:@netlify/plugin-nextjs@^5.15.7",
        "npm:@react-pdf/renderer@4.3.0",
        "npm:@svgr/webpack@8.1.0",
        "npm:@tanstack/match-sorter-utils@8.19.4",
        "npm:@tanstack/react-query@5.85.8",
        "npm:@tanstack/react-table@8.21.3",
        "npm:@tanstack/react-virtual@3.13.12",
        "npm:@types/autosuggest-highlight@3.2.3",
        "npm:@types/chance@1.1.7",
        "npm:@types/draft-js@0.11.18",
        "npm:@types/lodash-es@4.17.12",
        "npm:@types/mapbox-gl@3.4.1",
        "npm:@types/node@24.3.0",
        "npm:@types/react-csv@1.1.10",
        "npm:@types/react-dom@19.1.9",
        "npm:@types/react-google-recaptcha@2.1.9",
        "npm:@types/react-slick@0.23.13",
        "npm:@types/react-syntax-highlighter@15.5.13",
        "npm:@types/react-window@1.8.8",
        "npm:@types/react@19.1.12",
        "npm:@types/webpack-env@1.18.8",
        "npm:@typescript-eslint/eslint-plugin@8.41.0",
        "npm:@typescript-eslint/parser@8.41.0",
        "npm:@wandersonalwes/iconsax-react@0.0.10",
        "npm:apexcharts@5.3.4",
        "npm:autosuggest-highlight@3.3.4",
        "npm:axios@1.11.0",
        "npm:chance@1.1.13",
        "npm:copy-to-clipboard@3.3.3",
        "npm:currency.js@2.0.4",
        "npm:date-fns@4.1.0",
        "npm:dayjs@1.11.18",
        "npm:draft-js@0.11.7",
        "npm:emoji-picker-react@4.13.2",
        "npm:eslint-config-next@^15.5.11",
        "npm:eslint-config-prettier@10.1.8",
        "npm:eslint-plugin-prettier@5.5.4",
        "npm:eslint@9.34.0",
        "npm:formik@2.4.6",
        "npm:framer-motion@12.23.12",
        "npm:history@5.3.0",
        "npm:immutable@5.1.3",
        "npm:lodash-es@4.17.21",
        "npm:mapbox-gl@3.14.0",
        "npm:match-sorter@8.1.0",
        "npm:next-auth@4.24.11",
        "npm:next@^15.5.11",
        "npm:notistack@3.0.2",
        "npm:prettier@3.6.2",
        "npm:react-apexcharts@1.7.0",
        "npm:react-csv@2.2.2",
        "npm:react-device-detect@2.2.3",
        "npm:react-dom@19.1.1",
        "npm:react-draggable@4.5.0",
        "npm:react-dropzone@14.3.8",
        "npm:react-fast-marquee@1.6.5",
        "npm:react-google-recaptcha@3.1.0",
        "npm:react-intersection-observer@9.16.0",
        "npm:react-intl@7.1.11",
        "npm:react-map-gl@8.0.4",
        "npm:react-number-format@5.4.4",
        "npm:react-organizational-chart@2.2.1",
        "npm:react-otp-input@3.1.1",
        "npm:react-quill-new@3.6.0",
        "npm:react-slick@0.31.0",
        "npm:react-syntax-highlighter@15.6.6",
        "npm:react-timer-hook@4.0.5",
        "npm:react-to-print@3.1.1",
        "npm:react-window@2.0.2",
        "npm:react-zoom-pan-pinch@3.7.0",
        "npm:react@19.1.1",
        "npm:simplebar-react@3.3.2",
        "npm:slick-carousel@1.8.1",
        "npm:styled-jsx@5.1.7",
        "npm:stylis-plugin-rtl@2.1.1",
        "npm:swr@2.3.6",
        "npm:typescript@5.9.2",
        "npm:use-places-autocomplete@4.0.1",
        "npm:web-vitals@5.1.0",
        "npm:yup@1.7.0"
      ]
    }
  }
}
